// !$*UTF8*$!
{
	archiveVersion = 1;
	classes = {
	};
	objectVersion = 46;
	objects = {
/* Begin PBXBuildFile section */
		00E0F775EBDA43EFBC5E6577 /* QRScanner.swift in Sources */ = {isa = PBXBuildFile; fileRef = 1D701D2D909843DBAAA872F0 /* QRScanner.swift */; };
		0207DA581B56EA530066E2B4 /* Images.xcassets in Resources */ = {isa = PBXBuildFile; fileRef = 0207DA571B56EA530066E2B4 /* Images.xcassets */; };
		1D3623260D0F684500981E51 /* AppDelegate.m in Sources */ = {isa = PBXBuildFile; fileRef = 1D3623250D0F684500981E51 /* AppDelegate.m */; };
		1D60589B0D05DD56006BFB54 /* main.m in Sources */ = {isa = PBXBuildFile; fileRef = 29B97316FDCFA39411CA2CEA /* main.m */; };
		200D5B4241664207AAFD8EF4 /* UNUserNotificationCenter+OneSignal.h in Sources */ = {isa = PBXBuildFile; fileRef = 073E24F08CF84F5C90D4FCF4 /* UNUserNotificationCenter+OneSignal.h */; };
		27D2C5E3FF97409EBF4CAFA3 /* StoreKit.framework in Frameworks */ = {isa = PBXBuildFile; fileRef = 1E18BCFBE2554296A5CBD75B /* StoreKit.framework */; };
		28E17F4E881245E8A860A49D /* OneSignalTracker.m in Sources */ = {isa = PBXBuildFile; fileRef = 3483CC047B52497EAB7A0730 /* OneSignalTracker.m */; };
		301BF552109A68D80062928A /* libCordova.a in Frameworks */ = {isa = PBXBuildFile; fileRef = 301BF535109A57CC0062928A /* libCordova.a */; };
		302D95F114D2391D003F00A1 /* MainViewController.m in Sources */ = {isa = PBXBuildFile; fileRef = 302D95EF14D2391D003F00A1 /* MainViewController.m */; };
		302D95F214D2391D003F00A1 /* MainViewController.xib in Resources */ = {isa = PBXBuildFile; fileRef = 302D95F014D2391D003F00A1 /* MainViewController.xib */; };
		395BAB2C72EB46FD9CD48470 /* OneSignalSelectorHelpers.h in Sources */ = {isa = PBXBuildFile; fileRef = 091FA59D33024DAEA578D3A6 /* OneSignalSelectorHelpers.h */; };
		3A953235A686444B8ABFB63C /* SystemConfiguration.framework in Frameworks */ = {isa = PBXBuildFile; fileRef = C638A9ABA01F4DA487FD50DF /* SystemConfiguration.framework */; settings = {ATTRIBUTES = (Weak, ); }; };
		3CD293C5621A452F859B9040 /* CDVFile.m in Sources */ = {isa = PBXBuildFile; fileRef = 8970CCFE2BD64B089B04C82B /* CDVFile.m */; };
		3D975A82A0D74DCAA191FF67 /* LaunchReview.m in Sources */ = {isa = PBXBuildFile; fileRef = 00C27CD1870B4FA89407A4B0 /* LaunchReview.m */; };
		40760215B7CC451FBAE27A25 /* OneSignalAlertViewDelegate.m in Sources */ = {isa = PBXBuildFile; fileRef = C83CED62D480458995B0F84F /* OneSignalAlertViewDelegate.m */; };
		4A10399C2B754D32A331FF47 /* AppDelegate+nativepagetransitions.m in Sources */ = {isa = PBXBuildFile; fileRef = 4DF584864289473CBA86DD62 /* AppDelegate+nativepagetransitions.m */; };
		4A2C5D67D7794C5DB1FD9E25 /* CDVViewController+UpdateSupportedOrientations.m in Sources */ = {isa = PBXBuildFile; fileRef = DD323652411A45D5939D09EA /* CDVViewController+UpdateSupportedOrientations.m */; };
		4C9432BFE26943D29644B663 /* NSString+Hash.m in Sources */ = {isa = PBXBuildFile; fileRef = 23DF2E77B7F84CAE8FFF519C /* NSString+Hash.m */; };
		4E47CEEF528D49CA88C9869C /* OneSignalTrackIAP.m in Sources */ = {isa = PBXBuildFile; fileRef = 29E54771E4454840892A0489 /* OneSignalTrackIAP.m */; };
		4F17911A35E3485BA08955E9 /* Foundation.framework in Frameworks */ = {isa = PBXBuildFile; fileRef = B2760097A54C44379D304B0B /* Foundation.framework */; };
		5466098B7FC94F16BD7409DC /* Toast.m in Sources */ = {isa = PBXBuildFile; fileRef = 5ED8E068F46C4EBC93E85B26 /* Toast.m */; };
		651EF998D5F2456C81D550CD /* CDVReachability.m in Sources */ = {isa = PBXBuildFile; fileRef = 14BBF427A3A54FA0A9C595D1 /* CDVReachability.m */; };
		6AFF5BF91D6E424B00AB3073 /* CDVLaunchScreen.storyboard in Resources */ = {isa = PBXBuildFile; fileRef = 6AFF5BF81D6E424B00AB3073 /* CDVLaunchScreen.storyboard */; };
		6E6132D7B06A42CF8F1FF3B5 /* CDVSplashScreen.m in Sources */ = {isa = PBXBuildFile; fileRef = ABA79A465217434D926B54CD /* CDVSplashScreen.m */; };
		6F95D98FDAF641B29B4A00A6 /* CDVPassbook.m in Sources */ = {isa = PBXBuildFile; fileRef = D4840042C2DF4BFDA81F2331 /* CDVPassbook.m */; };
		7D16F257728349DA89082961 /* OneSignalWebView.m in Sources */ = {isa = PBXBuildFile; fileRef = D64E70079D8A475D8F868176 /* OneSignalWebView.m */; };
		7E66A65CA6DD4A8C936CD25D /* PassKit.framework in Frameworks */ = {isa = PBXBuildFile; fileRef = 18CC1610694B4044AF0B3F74 /* PassKit.framework */; };
		905547FB1D8B4014BAC64527 /* AppVersion.m in Sources */ = {isa = PBXBuildFile; fileRef = E1466E61FEA64E46A1689A14 /* AppVersion.m */; };
		906504167CD24FBABA7D98CE /* NativePageTransitions.m in Sources */ = {isa = PBXBuildFile; fileRef = D852D63F5430480A9BFEB37B /* NativePageTransitions.m */; };
		928733E22A4346C5AFB673C5 /* OneSignalMobileProvision.m in Sources */ = {isa = PBXBuildFile; fileRef = D8A2C635679D4A60907947CC /* OneSignalMobileProvision.m */; };
		95F48495703440F2A4E69A4B /* CDVDevice.m in Sources */ = {isa = PBXBuildFile; fileRef = C0ED303F01974FAB87F549EB /* CDVDevice.m */; };
		979D210802BA4477858F01D5 /* CDVStatusBar.m in Sources */ = {isa = PBXBuildFile; fileRef = 662475FA3A2F422782960D8F /* CDVStatusBar.m */; };
		9FDC8005EE7D422D867E766C /* GLKit.framework in Frameworks */ = {isa = PBXBuildFile; fileRef = F73D1BE0C9484462AE259F65 /* GLKit.framework */; };
		A1836F8A7004409583F7CE6F /* CDVLocation.m in Sources */ = {isa = PBXBuildFile; fileRef = 80DCE5C6E30243D0AC52AC31 /* CDVLocation.m */; };
		A33F5751BEAF42E5B4CB77FB /* CoreLocation.framework in Frameworks */ = {isa = PBXBuildFile; fileRef = 93C028D63AB4452B8A39BD07 /* CoreLocation.framework */; };
		A459AE1EB145485AA123F48C /* OneSignalPush.h in Sources */ = {isa = PBXBuildFile; fileRef = A6B0DF9332D94AE99B123299 /* OneSignalPush.h */; };
		A65042A5BB0C4206AE4F9329 /* OneSignalReachability.m in Sources */ = {isa = PBXBuildFile; fileRef = AEF636E71AB34A7FBD9D6814 /* OneSignalReachability.m */; };
		A7B51EFB0C2F42DFBAF14779 /* Progress.m in Sources */ = {isa = PBXBuildFile; fileRef = CDAADF6F9121490F8CDADA98 /* Progress.m */; };
		B034F5DA88364303B15D184B /* NSObject+Extras.m in Sources */ = {isa = PBXBuildFile; fileRef = AC6E17708EE84299BBF882F2 /* NSObject+Extras.m */; };
		B28353CEA9C54F228336B2B9 /* AudioToolbox.framework in Frameworks */ = {isa = PBXBuildFile; fileRef = 87D035EDEC9545BE80DA49C6 /* AudioToolbox.framework */; settings = {ATTRIBUTES = (Weak, ); }; };
		B369F59B0B51418182D3E672 /* CDVConnection.m in Sources */ = {isa = PBXBuildFile; fileRef = C6BA7BD4E7414E3A9D56CB68 /* CDVConnection.m */; };
		B57D45D7C42D4184ACFD39B7 /* QuartzCore.framework in Frameworks */ = {isa = PBXBuildFile; fileRef = EE818CCC48C4439483DE120C /* QuartzCore.framework */; };
		BC0325FAA8324F29862CDDF0 /* libKVNProgress.a in Frameworks */ = {isa = PBXBuildFile; fileRef = 1750288B4CC841C592589800 /* libKVNProgress.a */; };
		BC30E63CA750436480E74238 /* CDVKeyboard.m in Sources */ = {isa = PBXBuildFile; fileRef = EBDD868CA53642EE99F8FADB /* CDVKeyboard.m */; };
		C334E623F5BC43798FE066FE /* KVNProgressView.xib in Resources */ = {isa = PBXBuildFile; fileRef = 53219954735146DD8EEB385B /* KVNProgressView.xib */; };
		C5304002932149A18E166C0F /* OneSignalJailbreakDetection.m in Sources */ = {isa = PBXBuildFile; fileRef = 6E23A0F74DB4472982F6DFEB /* OneSignalJailbreakDetection.m */; };
		C7D331D5D3A94E59A90DDDFB /* UNUserNotificationCenter+OneSignal.m in Sources */ = {isa = PBXBuildFile; fileRef = F73F3FB655A648B7B5844419 /* UNUserNotificationCenter+OneSignal.m */; };
		C881F2CCE9E2432C91951407 /* YoikScreenOrientation.m in Sources */ = {isa = PBXBuildFile; fileRef = 3315854D09C343C092CACF88 /* YoikScreenOrientation.m */; };
		CE53CD555D7B401696328D63 /* CDVAssetLibraryFilesystem.m in Sources */ = {isa = PBXBuildFile; fileRef = 23010926486D4A8E8F6349CA /* CDVAssetLibraryFilesystem.m */; };
		D055FD1F54F94A3A80FF14B2 /* OneSignalLocation.m in Sources */ = {isa = PBXBuildFile; fileRef = 1C671316D1B64062986760D9 /* OneSignalLocation.m */; };
		D1CB1F114280446BBD33A201 /* CDVLocalFilesystem.m in Sources */ = {isa = PBXBuildFile; fileRef = B618B42091494419B88DA26D /* CDVLocalFilesystem.m */; };
		D74DEC1E36EA4930914F846C /* CDVThemeableBrowser.m in Sources */ = {isa = PBXBuildFile; fileRef = 11370E8B90704E92953B0E50 /* CDVThemeableBrowser.m */; };
		D7A720CE7BBC463797018A4E /* OneSignalSelectorHelpers.m in Sources */ = {isa = PBXBuildFile; fileRef = 63C23A9C903542EBA5011E08 /* OneSignalSelectorHelpers.m */; };
		D802FBE0BEBF41BD8CEB1DF3 /* CDVViewController+SplashScreen.m in Sources */ = {isa = PBXBuildFile; fileRef = 9FCD4538A0174FFA99ED688E /* CDVViewController+SplashScreen.m */; };
		DA2C920760E34C9AABD3E437 /* libz.tbd in Frameworks */ = {isa = PBXBuildFile; fileRef = 5A9E615E653D4D8892F4FFF8 /* libz.tbd */; };
		E0A6DE3F21814ACAAB0C3887 /* CDVNotification.m in Sources */ = {isa = PBXBuildFile; fileRef = F8735C2066BF4EF09FBCF116 /* CDVNotification.m */; };
		E5FE5DF566564DF4A068CC09 /* CDVInAppBrowser.m in Sources */ = {isa = PBXBuildFile; fileRef = 4D0513ABF9254608A5B07244 /* CDVInAppBrowser.m */; };
		E95FBE66894C42A8BEEDF108 /* CDVNotification.bundle in Resources */ = {isa = PBXBuildFile; fileRef = A4F5205A6FFF4D17BBE47D45 /* CDVNotification.bundle */; };
		EA173C1EB92243A8843554C7 /* OneSignalHelper.m in Sources */ = {isa = PBXBuildFile; fileRef = E7F7470320FB4508BA87A7E2 /* OneSignalHelper.m */; };
		EC9F24B496264829A400C46C /* Toast+UIView.m in Sources */ = {isa = PBXBuildFile; fileRef = DBB920180A7149258BCA064F /* Toast+UIView.m */; };
		EE6E3F6A8F814123B3764968 /* OneSignalPush.m in Sources */ = {isa = PBXBuildFile; fileRef = 717850A9F8A743C18BAD6A17 /* OneSignalPush.m */; };
		F901DD942D1548C8B2C31FAB /* CoreTelephony.framework in Frameworks */ = {isa = PBXBuildFile; fileRef = E0833A6016134CC0A65BC1C2 /* CoreTelephony.framework */; };
		FDECF15468F242B88C54E0FF /* OneSignalHTTPClient.m in Sources */ = {isa = PBXBuildFile; fileRef = A8F33B75DE0042D19E43EA67 /* OneSignalHTTPClient.m */; };
		FFDBC50E0F4C4898A81DDF52 /* OneSignal.m in Sources */ = {isa = PBXBuildFile; fileRef = 7355224B0D8C4FA491BCA17C /* OneSignal.m */; };
/* End PBXBuildFile section */

/* Begin PBXContainerItemProxy section */
		301BF534109A57CC0062928A /* PBXContainerItemProxy */ = {
			isa = PBXContainerItemProxy;
			containerPortal = 301BF52D109A57CC0062928A /* CordovaLib/CordovaLib.xcodeproj */;
			proxyType = 2;
			remoteGlobalIDString = D2AAC07E0554694100DB518D;
			remoteInfo = CordovaLib;
		};
		301BF550109A68C00062928A /* PBXContainerItemProxy */ = {
			isa = PBXContainerItemProxy;
			containerPortal = 301BF52D109A57CC0062928A /* CordovaLib/CordovaLib.xcodeproj */;
			proxyType = 1;
			remoteGlobalIDString = D2AAC07D0554694100DB518D;
			remoteInfo = CordovaLib;
		};
		96201C301FFD931A00F8B702 /* PBXContainerItemProxy */ = {
			isa = PBXContainerItemProxy;
			containerPortal = 301BF52D109A57CC0062928A /* CordovaLib/CordovaLib.xcodeproj */;
			proxyType = 2;
			remoteGlobalIDString = C0C01EB21E3911D50056E6CB;
			remoteInfo = Cordova;
		};
/* End PBXContainerItemProxy section */

/* Begin PBXFileReference section */
		00C27CD1870B4FA89407A4B0 /* LaunchReview.m */ = {isa = PBXFileReference; explicitFileType = undefined; fileEncoding = 4; includeInIndex = 0; lastKnownFileType = sourcecode.c.objc; name = LaunchReview.m; path = "cordova-launch-review/LaunchReview.m"; sourceTree = "<group>"; };
		0207DA571B56EA530066E2B4 /* Images.xcassets */ = {isa = PBXFileReference; lastKnownFileType = folder.assetcatalog; name = Images.xcassets; path = "The Loyalty Club/Images.xcassets"; sourceTree = SOURCE_ROOT; };
		073E24F08CF84F5C90D4FCF4 /* UNUserNotificationCenter+OneSignal.h */ = {isa = PBXFileReference; explicitFileType = undefined; fileEncoding = 4; includeInIndex = 0; lastKnownFileType = sourcecode.c.h; name = "UNUserNotificationCenter+OneSignal.h"; path = "onesignal-cordova-plugin/UNUserNotificationCenter+OneSignal.h"; sourceTree = "<group>"; };
		08CACD5062954ECCAB5CEC7B /* OneSignalAlertViewDelegate.h */ = {isa = PBXFileReference; explicitFileType = undefined; fileEncoding = 4; includeInIndex = 0; lastKnownFileType = sourcecode.c.h; name = OneSignalAlertViewDelegate.h; path = "onesignal-cordova-plugin/OneSignalAlertViewDelegate.h"; sourceTree = "<group>"; };
		09120DD042CB4A08B7805358 /* AppVersion.h */ = {isa = PBXFileReference; explicitFileType = undefined; fileEncoding = 4; includeInIndex = 0; lastKnownFileType = sourcecode.c.h; name = AppVersion.h; path = "cordova-plugin-app-version/AppVersion.h"; sourceTree = "<group>"; };
		091FA59D33024DAEA578D3A6 /* OneSignalSelectorHelpers.h */ = {isa = PBXFileReference; explicitFileType = undefined; fileEncoding = 4; includeInIndex = 0; lastKnownFileType = sourcecode.c.h; name = OneSignalSelectorHelpers.h; path = "onesignal-cordova-plugin/OneSignalSelectorHelpers.h"; sourceTree = "<group>"; };
		0F2CC18BDE51408DBDBDB58A /* CDVSplashScreen.h */ = {isa = PBXFileReference; explicitFileType = undefined; fileEncoding = 4; includeInIndex = 0; lastKnownFileType = sourcecode.c.h; name = CDVSplashScreen.h; path = "cordova-plugin-splashscreen/CDVSplashScreen.h"; sourceTree = "<group>"; };
		11370E8B90704E92953B0E50 /* CDVThemeableBrowser.m */ = {isa = PBXFileReference; explicitFileType = undefined; fileEncoding = 4; includeInIndex = 0; lastKnownFileType = sourcecode.c.objc; name = CDVThemeableBrowser.m; path = "cordova-plugin-themeablebrowser/CDVThemeableBrowser.m"; sourceTree = "<group>"; };
		12BF3532F17044219EF99F0A /* UIImage+KVNImageEffects.h */ = {isa = PBXFileReference; explicitFileType = undefined; fileEncoding = 4; includeInIndex = 0; lastKnownFileType = sourcecode.c.h; name = "UIImage+KVNImageEffects.h"; path = "cordova-plugin-progress/UIImage+KVNImageEffects.h"; sourceTree = "<group>"; };
		14BBF427A3A54FA0A9C595D1 /* CDVReachability.m */ = {isa = PBXFileReference; explicitFileType = undefined; fileEncoding = 4; includeInIndex = 0; lastKnownFileType = sourcecode.c.objc; name = CDVReachability.m; path = "cordova-plugin-network-information/CDVReachability.m"; sourceTree = "<group>"; };
		1750288B4CC841C592589800 /* libKVNProgress.a */ = {isa = PBXFileReference; explicitFileType = undefined; fileEncoding = 9; includeInIndex = 0; lastKnownFileType = archive.ar; name = libKVNProgress.a; path = "The Loyalty Club/Plugins/cordova-plugin-progress/libKVNProgress.a"; sourceTree = "<group>"; };
		18CC1610694B4044AF0B3F74 /* PassKit.framework */ = {isa = PBXFileReference; explicitFileType = undefined; fileEncoding = 9; includeInIndex = 0; lastKnownFileType = wrapper.framework; name = PassKit.framework; path = System/Library/Frameworks/PassKit.framework; sourceTree = SDKROOT; };
		1C671316D1B64062986760D9 /* OneSignalLocation.m */ = {isa = PBXFileReference; explicitFileType = undefined; fileEncoding = 4; includeInIndex = 0; lastKnownFileType = sourcecode.c.objc; name = OneSignalLocation.m; path = "onesignal-cordova-plugin/OneSignalLocation.m"; sourceTree = "<group>"; };
		1C81E104F0E34E0CA80EF572 /* CDVThemeableBrowser.h */ = {isa = PBXFileReference; explicitFileType = undefined; fileEncoding = 4; includeInIndex = 0; lastKnownFileType = sourcecode.c.h; name = CDVThemeableBrowser.h; path = "cordova-plugin-themeablebrowser/CDVThemeableBrowser.h"; sourceTree = "<group>"; };
		1D3623240D0F684500981E51 /* AppDelegate.h */ = {isa = PBXFileReference; fileEncoding = 4; lastKnownFileType = sourcecode.c.h; path = AppDelegate.h; sourceTree = "<group>"; };
		1D3623250D0F684500981E51 /* AppDelegate.m */ = {isa = PBXFileReference; fileEncoding = 4; lastKnownFileType = sourcecode.c.objc; path = AppDelegate.m; sourceTree = "<group>"; };
		1D6058910D05DD3D006BFB54 /* The Loyalty Club.app */ = {isa = PBXFileReference; explicitFileType = wrapper.application; includeInIndex = 0; path = "The Loyalty Club.app"; sourceTree = BUILT_PRODUCTS_DIR; };
		1D629062D0EF48EF8F68D8B9 /* YoikScreenOrientation.h */ = {isa = PBXFileReference; explicitFileType = undefined; fileEncoding = 4; includeInIndex = 0; lastKnownFileType = sourcecode.c.h; name = YoikScreenOrientation.h; path = "cordova-plugin-screen-orientation/YoikScreenOrientation.h"; sourceTree = "<group>"; };
		1D701D2D909843DBAAA872F0 /* QRScanner.swift */ = {isa = PBXFileReference; explicitFileType = undefined; fileEncoding = 4; includeInIndex = 0; lastKnownFileType = sourcecode.swift; name = QRScanner.swift; path = "cordova-plugin-qrscanner/QRScanner.swift"; sourceTree = "<group>"; };
		1E18BCFBE2554296A5CBD75B /* StoreKit.framework */ = {isa = PBXFileReference; explicitFileType = undefined; fileEncoding = 9; includeInIndex = 0; lastKnownFileType = wrapper.framework; name = StoreKit.framework; path = System/Library/Frameworks/StoreKit.framework; sourceTree = SDKROOT; };
		23010926486D4A8E8F6349CA /* CDVAssetLibraryFilesystem.m */ = {isa = PBXFileReference; explicitFileType = undefined; fileEncoding = 4; includeInIndex = 0; lastKnownFileType = sourcecode.c.objc; name = CDVAssetLibraryFilesystem.m; path = "cordova-plugin-file/CDVAssetLibraryFilesystem.m"; sourceTree = "<group>"; };
		237E831C1BEE4D388FB8C917 /* Toast+UIView.h */ = {isa = PBXFileReference; explicitFileType = undefined; fileEncoding = 4; includeInIndex = 0; lastKnownFileType = sourcecode.c.h; name = "Toast+UIView.h"; path = "cordova-plugin-x-toast/Toast+UIView.h"; sourceTree = "<group>"; };
		23DF2E77B7F84CAE8FFF519C /* NSString+Hash.m */ = {isa = PBXFileReference; explicitFileType = undefined; fileEncoding = 4; includeInIndex = 0; lastKnownFileType = sourcecode.c.objc; name = "NSString+Hash.m"; path = "onesignal-cordova-plugin/NSString+Hash.m"; sourceTree = "<group>"; };
		29B97316FDCFA39411CA2CEA /* main.m */ = {isa = PBXFileReference; fileEncoding = 4; lastKnownFileType = sourcecode.c.objc; path = main.m; sourceTree = "<group>"; };
		29E54771E4454840892A0489 /* OneSignalTrackIAP.m */ = {isa = PBXFileReference; explicitFileType = undefined; fileEncoding = 4; includeInIndex = 0; lastKnownFileType = sourcecode.c.objc; name = OneSignalTrackIAP.m; path = "onesignal-cordova-plugin/OneSignalTrackIAP.m"; sourceTree = "<group>"; };
		2CD90EB09E734A5BA368E48F /* OneSignalLocation.h */ = {isa = PBXFileReference; explicitFileType = undefined; fileEncoding = 4; includeInIndex = 0; lastKnownFileType = sourcecode.c.h; name = OneSignalLocation.h; path = "onesignal-cordova-plugin/OneSignalLocation.h"; sourceTree = "<group>"; };
		2DE51B578DD446EC99B19BCD /* CDVViewController+UpdateSupportedOrientations.h */ = {isa = PBXFileReference; explicitFileType = undefined; fileEncoding = 4; includeInIndex = 0; lastKnownFileType = sourcecode.c.h; name = "CDVViewController+UpdateSupportedOrientations.h"; path = "cordova-plugin-screen-orientation/CDVViewController+UpdateSupportedOrientations.h"; sourceTree = "<group>"; };
		301BF52D109A57CC0062928A /* CordovaLib/CordovaLib.xcodeproj */ = {isa = PBXFileReference; lastKnownFileType = "wrapper.pb-project"; path = CordovaLib/CordovaLib.xcodeproj; sourceTree = "<group>"; };
		301BF56E109A69640062928A /* www */ = {isa = PBXFileReference; lastKnownFileType = folder; path = www; sourceTree = SOURCE_ROOT; };
		302D95EE14D2391D003F00A1 /* MainViewController.h */ = {isa = PBXFileReference; fileEncoding = 4; lastKnownFileType = sourcecode.c.h; path = MainViewController.h; sourceTree = "<group>"; };
		302D95EF14D2391D003F00A1 /* MainViewController.m */ = {isa = PBXFileReference; fileEncoding = 4; lastKnownFileType = sourcecode.c.objc; path = MainViewController.m; sourceTree = "<group>"; };
		302D95F014D2391D003F00A1 /* MainViewController.xib */ = {isa = PBXFileReference; fileEncoding = 4; lastKnownFileType = file.xib; path = MainViewController.xib; sourceTree = "<group>"; };
		3047A50F1AB8059700498E2A /* build-debug.xcconfig */ = {isa = PBXFileReference; fileEncoding = 4; lastKnownFileType = text.xcconfig; name = "build-debug.xcconfig"; path = "cordova/build-debug.xcconfig"; sourceTree = SOURCE_ROOT; };
		3047A5101AB8059700498E2A /* build-release.xcconfig */ = {isa = PBXFileReference; fileEncoding = 4; lastKnownFileType = text.xcconfig; name = "build-release.xcconfig"; path = "cordova/build-release.xcconfig"; sourceTree = SOURCE_ROOT; };
		3047A5111AB8059700498E2A /* build.xcconfig */ = {isa = PBXFileReference; fileEncoding = 4; lastKnownFileType = text.xcconfig; name = build.xcconfig; path = cordova/build.xcconfig; sourceTree = SOURCE_ROOT; };
		32CA4F630368D1EE00C91783 /* The Loyalty Club-Prefix.pch */ = {isa = PBXFileReference; fileEncoding = 4; lastKnownFileType = sourcecode.c.h; path = "The Loyalty Club-Prefix.pch"; sourceTree = "<group>"; };
		3315854D09C343C092CACF88 /* YoikScreenOrientation.m */ = {isa = PBXFileReference; explicitFileType = undefined; fileEncoding = 4; includeInIndex = 0; lastKnownFileType = sourcecode.c.objc; name = YoikScreenOrientation.m; path = "cordova-plugin-screen-orientation/YoikScreenOrientation.m"; sourceTree = "<group>"; };
		3483CC047B52497EAB7A0730 /* OneSignalTracker.m */ = {isa = PBXFileReference; explicitFileType = undefined; fileEncoding = 4; includeInIndex = 0; lastKnownFileType = sourcecode.c.objc; name = OneSignalTracker.m; path = "onesignal-cordova-plugin/OneSignalTracker.m"; sourceTree = "<group>"; };
		35BC42BEBDE6404E8CAB8CDB /* NSObject+Extras.h */ = {isa = PBXFileReference; explicitFileType = undefined; fileEncoding = 4; includeInIndex = 0; lastKnownFileType = sourcecode.c.h; name = "NSObject+Extras.h"; path = "onesignal-cordova-plugin/NSObject+Extras.h"; sourceTree = "<group>"; };
		38C839F4C8FC435B8197DB3E /* OneSignalHelper.h */ = {isa = PBXFileReference; explicitFileType = undefined; fileEncoding = 4; includeInIndex = 0; lastKnownFileType = sourcecode.c.h; name = OneSignalHelper.h; path = "onesignal-cordova-plugin/OneSignalHelper.h"; sourceTree = "<group>"; };
		42E8182582524349A53F07CC /* CDVLocalFilesystem.h */ = {isa = PBXFileReference; explicitFileType = undefined; fileEncoding = 4; includeInIndex = 0; lastKnownFileType = sourcecode.c.h; name = CDVLocalFilesystem.h; path = "cordova-plugin-file/CDVLocalFilesystem.h"; sourceTree = "<group>"; };
		485BF40913DE4195A1B9BE5C /* OneSignalTracker.h */ = {isa = PBXFileReference; explicitFileType = undefined; fileEncoding = 4; includeInIndex = 0; lastKnownFileType = sourcecode.c.h; name = OneSignalTracker.h; path = "onesignal-cordova-plugin/OneSignalTracker.h"; sourceTree = "<group>"; };
		4D0513ABF9254608A5B07244 /* CDVInAppBrowser.m */ = {isa = PBXFileReference; explicitFileType = undefined; fileEncoding = 4; includeInIndex = 0; lastKnownFileType = sourcecode.c.objc; name = CDVInAppBrowser.m; path = "cordova-plugin-inappbrowser/CDVInAppBrowser.m"; sourceTree = "<group>"; };
		4DF584864289473CBA86DD62 /* AppDelegate+nativepagetransitions.m */ = {isa = PBXFileReference; explicitFileType = undefined; fileEncoding = 4; includeInIndex = 0; lastKnownFileType = sourcecode.c.objc; name = "AppDelegate+nativepagetransitions.m"; path = "com.telerik.plugins.nativepagetransitions/AppDelegate+nativepagetransitions.m"; sourceTree = "<group>"; };
		4F342524847C42A6B8DB092D /* UIColor+KVNContrast.h */ = {isa = PBXFileReference; explicitFileType = undefined; fileEncoding = 4; includeInIndex = 0; lastKnownFileType = sourcecode.c.h; name = "UIColor+KVNContrast.h"; path = "cordova-plugin-progress/UIColor+KVNContrast.h"; sourceTree = "<group>"; };
		53219954735146DD8EEB385B /* KVNProgressView.xib */ = {isa = PBXFileReference; explicitFileType = undefined; fileEncoding = 9; includeInIndex = 0; lastKnownFileType = file.xib; path = KVNProgressView.xib; sourceTree = "<group>"; };
		53C821A3FE5F4898A3E284BD /* NativePageTransitions.h */ = {isa = PBXFileReference; explicitFileType = undefined; fileEncoding = 4; includeInIndex = 0; lastKnownFileType = sourcecode.c.h; name = NativePageTransitions.h; path = com.telerik.plugins.nativepagetransitions/NativePageTransitions.h; sourceTree = "<group>"; };
		5A9E615E653D4D8892F4FFF8 /* libz.tbd */ = {isa = PBXFileReference; explicitFileType = undefined; fileEncoding = 9; includeInIndex = 0; lastKnownFileType = "sourcecode.text-based-dylib-definition"; name = libz.tbd; path = usr/lib/libz.tbd; sourceTree = SDKROOT; };
		5ED8E068F46C4EBC93E85B26 /* Toast.m */ = {isa = PBXFileReference; explicitFileType = undefined; fileEncoding = 4; includeInIndex = 0; lastKnownFileType = sourcecode.c.objc; name = Toast.m; path = "cordova-plugin-x-toast/Toast.m"; sourceTree = "<group>"; };
		63C23A9C903542EBA5011E08 /* OneSignalSelectorHelpers.m */ = {isa = PBXFileReference; explicitFileType = undefined; fileEncoding = 4; includeInIndex = 0; lastKnownFileType = sourcecode.c.objc; name = OneSignalSelectorHelpers.m; path = "onesignal-cordova-plugin/OneSignalSelectorHelpers.m"; sourceTree = "<group>"; };
		6530C5518BD645E3A53B8384 /* CDVNotification.h */ = {isa = PBXFileReference; explicitFileType = undefined; fileEncoding = 4; includeInIndex = 0; lastKnownFileType = sourcecode.c.h; name = CDVNotification.h; path = "cordova-plugin-dialogs/CDVNotification.h"; sourceTree = "<group>"; };
		662475FA3A2F422782960D8F /* CDVStatusBar.m */ = {isa = PBXFileReference; explicitFileType = undefined; fileEncoding = 4; includeInIndex = 0; lastKnownFileType = sourcecode.c.objc; name = CDVStatusBar.m; path = "cordova-plugin-statusbar/CDVStatusBar.m"; sourceTree = "<group>"; };
		66A727073EBD43E1A374CA6D /* KVNProgressConfiguration.h */ = {isa = PBXFileReference; explicitFileType = undefined; fileEncoding = 4; includeInIndex = 0; lastKnownFileType = sourcecode.c.h; name = KVNProgressConfiguration.h; path = "cordova-plugin-progress/KVNProgressConfiguration.h"; sourceTree = "<group>"; };
		6AFF5BF81D6E424B00AB3073 /* CDVLaunchScreen.storyboard */ = {isa = PBXFileReference; fileEncoding = 4; lastKnownFileType = file.storyboard; name = CDVLaunchScreen.storyboard; path = "The Loyalty Club/CDVLaunchScreen.storyboard"; sourceTree = SOURCE_ROOT; };
		6E23A0F74DB4472982F6DFEB /* OneSignalJailbreakDetection.m */ = {isa = PBXFileReference; explicitFileType = undefined; fileEncoding = 4; includeInIndex = 0; lastKnownFileType = sourcecode.c.objc; name = OneSignalJailbreakDetection.m; path = "onesignal-cordova-plugin/OneSignalJailbreakDetection.m"; sourceTree = "<group>"; };
		7041A96E588E479B844DC218 /* OneSignalMobileProvision.h */ = {isa = PBXFileReference; explicitFileType = undefined; fileEncoding = 4; includeInIndex = 0; lastKnownFileType = sourcecode.c.h; name = OneSignalMobileProvision.h; path = "onesignal-cordova-plugin/OneSignalMobileProvision.h"; sourceTree = "<group>"; };
		7134325DA2AF4C9988D0DC72 /* UIImage+KVNEmpty.h */ = {isa = PBXFileReference; explicitFileType = undefined; fileEncoding = 4; includeInIndex = 0; lastKnownFileType = sourcecode.c.h; name = "UIImage+KVNEmpty.h"; path = "cordova-plugin-progress/UIImage+KVNEmpty.h"; sourceTree = "<group>"; };
		717850A9F8A743C18BAD6A17 /* OneSignalPush.m */ = {isa = PBXFileReference; explicitFileType = undefined; fileEncoding = 4; includeInIndex = 0; lastKnownFileType = sourcecode.c.objc; name = OneSignalPush.m; path = "onesignal-cordova-plugin/OneSignalPush.m"; sourceTree = "<group>"; };
		7355224B0D8C4FA491BCA17C /* OneSignal.m */ = {isa = PBXFileReference; explicitFileType = undefined; fileEncoding = 4; includeInIndex = 0; lastKnownFileType = sourcecode.c.objc; name = OneSignal.m; path = "onesignal-cordova-plugin/OneSignal.m"; sourceTree = "<group>"; };
		7769975E3B204C5ABB3125A4 /* NSString+Hash.h */ = {isa = PBXFileReference; explicitFileType = undefined; fileEncoding = 4; includeInIndex = 0; lastKnownFileType = sourcecode.c.h; name = "NSString+Hash.h"; path = "onesignal-cordova-plugin/NSString+Hash.h"; sourceTree = "<group>"; };
		77713EE1DCC7411C8C03AB18 /* OneSignalHTTPClient.h */ = {isa = PBXFileReference; explicitFileType = undefined; fileEncoding = 4; includeInIndex = 0; lastKnownFileType = sourcecode.c.h; name = OneSignalHTTPClient.h; path = "onesignal-cordova-plugin/OneSignalHTTPClient.h"; sourceTree = "<group>"; };
		795FB06B330E4A068A5281BC /* KVNProgress.h */ = {isa = PBXFileReference; explicitFileType = undefined; fileEncoding = 4; includeInIndex = 0; lastKnownFileType = sourcecode.c.h; name = KVNProgress.h; path = "cordova-plugin-progress/KVNProgress.h"; sourceTree = "<group>"; };
		7A00E2B848684FE294325367 /* CDVPassbook.h */ = {isa = PBXFileReference; explicitFileType = undefined; fileEncoding = 4; includeInIndex = 0; lastKnownFileType = sourcecode.c.h; name = CDVPassbook.h; path = com.passslot.cordova.plugin.passbook/CDVPassbook.h; sourceTree = "<group>"; };
		7B7C16ECAE3249CBAFE13289 /* CDVAssetLibraryFilesystem.h */ = {isa = PBXFileReference; explicitFileType = undefined; fileEncoding = 4; includeInIndex = 0; lastKnownFileType = sourcecode.c.h; name = CDVAssetLibraryFilesystem.h; path = "cordova-plugin-file/CDVAssetLibraryFilesystem.h"; sourceTree = "<group>"; };
		80DCE5C6E30243D0AC52AC31 /* CDVLocation.m */ = {isa = PBXFileReference; explicitFileType = undefined; fileEncoding = 4; includeInIndex = 0; lastKnownFileType = sourcecode.c.objc; name = CDVLocation.m; path = "cordova-plugin-geolocation/CDVLocation.m"; sourceTree = "<group>"; };
		84918B8613444621BA5D01E4 /* CDVReachability.h */ = {isa = PBXFileReference; explicitFileType = undefined; fileEncoding = 4; includeInIndex = 0; lastKnownFileType = sourcecode.c.h; name = CDVReachability.h; path = "cordova-plugin-network-information/CDVReachability.h"; sourceTree = "<group>"; };
		84A82EBD47F94762BFBAE899 /* OneSignalJailbreakDetection.h */ = {isa = PBXFileReference; explicitFileType = undefined; fileEncoding = 4; includeInIndex = 0; lastKnownFileType = sourcecode.c.h; name = OneSignalJailbreakDetection.h; path = "onesignal-cordova-plugin/OneSignalJailbreakDetection.h"; sourceTree = "<group>"; };
		867C72D80BC04DBBAA4B050A /* OneSignal-Prefix.pch */ = {isa = PBXFileReference; explicitFileType = undefined; fileEncoding = 4; includeInIndex = 0; lastKnownFileType = sourcecode.c.h; name = "OneSignal-Prefix.pch"; path = "onesignal-cordova-plugin/OneSignal-Prefix.pch"; sourceTree = "<group>"; };
		87D035EDEC9545BE80DA49C6 /* AudioToolbox.framework */ = {isa = PBXFileReference; explicitFileType = undefined; fileEncoding = 9; includeInIndex = 0; lastKnownFileType = wrapper.framework; name = AudioToolbox.framework; path = System/Library/Frameworks/AudioToolbox.framework; sourceTree = SDKROOT; };
		8898F11C13E64713AEC458AF /* CDVFile.h */ = {isa = PBXFileReference; explicitFileType = undefined; fileEncoding = 4; includeInIndex = 0; lastKnownFileType = sourcecode.c.h; name = CDVFile.h; path = "cordova-plugin-file/CDVFile.h"; sourceTree = "<group>"; };
		892BB597D9E54493937D068C /* CDVLocation.h */ = {isa = PBXFileReference; explicitFileType = undefined; fileEncoding = 4; includeInIndex = 0; lastKnownFileType = sourcecode.c.h; name = CDVLocation.h; path = "cordova-plugin-geolocation/CDVLocation.h"; sourceTree = "<group>"; };
		8970CCFE2BD64B089B04C82B /* CDVFile.m */ = {isa = PBXFileReference; explicitFileType = undefined; fileEncoding = 4; includeInIndex = 0; lastKnownFileType = sourcecode.c.objc; name = CDVFile.m; path = "cordova-plugin-file/CDVFile.m"; sourceTree = "<group>"; };
		8A90A34158674E83A470167C /* CDVDevice.h */ = {isa = PBXFileReference; explicitFileType = undefined; fileEncoding = 4; includeInIndex = 0; lastKnownFileType = sourcecode.c.h; name = CDVDevice.h; path = "cordova-plugin-device/CDVDevice.h"; sourceTree = "<group>"; };
		8D1107310486CEB800E47090 /* The Loyalty Club-Info.plist */ = {isa = PBXFileReference; fileEncoding = 4; lastKnownFileType = text.plist.xml; name = "The Loyalty Club-Info.plist"; path = "The Loyalty Club/The Loyalty Club-Info.plist"; plistStructureDefinitionIdentifier = "com.apple.xcode.plist.structure-definition.iphone.info-plist"; sourceTree = SOURCE_ROOT; };
		8DA7AB6076F64CAFA7243590 /* CDVInAppBrowser.h */ = {isa = PBXFileReference; explicitFileType = undefined; fileEncoding = 4; includeInIndex = 0; lastKnownFileType = sourcecode.c.h; name = CDVInAppBrowser.h; path = "cordova-plugin-inappbrowser/CDVInAppBrowser.h"; sourceTree = "<group>"; };
		93C028D63AB4452B8A39BD07 /* CoreLocation.framework */ = {isa = PBXFileReference; explicitFileType = undefined; fileEncoding = 9; includeInIndex = 0; lastKnownFileType = wrapper.framework; name = CoreLocation.framework; path = System/Library/Frameworks/CoreLocation.framework; sourceTree = SDKROOT; };
		9FCD4538A0174FFA99ED688E /* CDVViewController+SplashScreen.m */ = {isa = PBXFileReference; explicitFileType = undefined; fileEncoding = 4; includeInIndex = 0; lastKnownFileType = sourcecode.c.objc; name = "CDVViewController+SplashScreen.m"; path = "cordova-plugin-splashscreen/CDVViewController+SplashScreen.m"; sourceTree = "<group>"; };
		A10136AE3DC249DEBA3DCFD4 /* OneSignalTrackIAP.h */ = {isa = PBXFileReference; explicitFileType = undefined; fileEncoding = 4; includeInIndex = 0; lastKnownFileType = sourcecode.c.h; name = OneSignalTrackIAP.h; path = "onesignal-cordova-plugin/OneSignalTrackIAP.h"; sourceTree = "<group>"; };
		A4F5205A6FFF4D17BBE47D45 /* CDVNotification.bundle */ = {isa = PBXFileReference; explicitFileType = undefined; fileEncoding = 9; includeInIndex = 0; lastKnownFileType = "wrapper.plug-in"; path = CDVNotification.bundle; sourceTree = "<group>"; };
		A6B0DF9332D94AE99B123299 /* OneSignalPush.h */ = {isa = PBXFileReference; explicitFileType = undefined; fileEncoding = 4; includeInIndex = 0; lastKnownFileType = sourcecode.c.h; name = OneSignalPush.h; path = "onesignal-cordova-plugin/OneSignalPush.h"; sourceTree = "<group>"; };
		A8F33B75DE0042D19E43EA67 /* OneSignalHTTPClient.m */ = {isa = PBXFileReference; explicitFileType = undefined; fileEncoding = 4; includeInIndex = 0; lastKnownFileType = sourcecode.c.objc; name = OneSignalHTTPClient.m; path = "onesignal-cordova-plugin/OneSignalHTTPClient.m"; sourceTree = "<group>"; };
		AA8DE87011864B88BBA56B78 /* OneSignal.h */ = {isa = PBXFileReference; explicitFileType = undefined; fileEncoding = 4; includeInIndex = 0; lastKnownFileType = sourcecode.c.h; name = OneSignal.h; path = "onesignal-cordova-plugin/OneSignal.h"; sourceTree = "<group>"; };
		ABA79A465217434D926B54CD /* CDVSplashScreen.m */ = {isa = PBXFileReference; explicitFileType = undefined; fileEncoding = 4; includeInIndex = 0; lastKnownFileType = sourcecode.c.objc; name = CDVSplashScreen.m; path = "cordova-plugin-splashscreen/CDVSplashScreen.m"; sourceTree = "<group>"; };
		AC6E17708EE84299BBF882F2 /* NSObject+Extras.m */ = {isa = PBXFileReference; explicitFileType = undefined; fileEncoding = 4; includeInIndex = 0; lastKnownFileType = sourcecode.c.objc; name = "NSObject+Extras.m"; path = "onesignal-cordova-plugin/NSObject+Extras.m"; sourceTree = "<group>"; };
		AEF636E71AB34A7FBD9D6814 /* OneSignalReachability.m */ = {isa = PBXFileReference; explicitFileType = undefined; fileEncoding = 4; includeInIndex = 0; lastKnownFileType = sourcecode.c.objc; name = OneSignalReachability.m; path = "onesignal-cordova-plugin/OneSignalReachability.m"; sourceTree = "<group>"; };
		B23205BF6A8D48298C33A4E6 /* LaunchReview.h */ = {isa = PBXFileReference; explicitFileType = undefined; fileEncoding = 4; includeInIndex = 0; lastKnownFileType = sourcecode.c.h; name = LaunchReview.h; path = "cordova-launch-review/LaunchReview.h"; sourceTree = "<group>"; };
		B2760097A54C44379D304B0B /* Foundation.framework */ = {isa = PBXFileReference; explicitFileType = undefined; fileEncoding = 9; includeInIndex = 0; lastKnownFileType = wrapper.framework; name = Foundation.framework; path = System/Library/Frameworks/Foundation.framework; sourceTree = SDKROOT; };
		B618B42091494419B88DA26D /* CDVLocalFilesystem.m */ = {isa = PBXFileReference; explicitFileType = undefined; fileEncoding = 4; includeInIndex = 0; lastKnownFileType = sourcecode.c.objc; name = CDVLocalFilesystem.m; path = "cordova-plugin-file/CDVLocalFilesystem.m"; sourceTree = "<group>"; };
		B6FADFE154BE450EA3177578 /* AppDelegate+nativepagetransitions.h */ = {isa = PBXFileReference; explicitFileType = undefined; fileEncoding = 4; includeInIndex = 0; lastKnownFileType = sourcecode.c.h; name = "AppDelegate+nativepagetransitions.h"; path = "com.telerik.plugins.nativepagetransitions/AppDelegate+nativepagetransitions.h"; sourceTree = "<group>"; };
		BA85D9D826FE4E15A508F9C3 /* Progress.h */ = {isa = PBXFileReference; explicitFileType = undefined; fileEncoding = 4; includeInIndex = 0; lastKnownFileType = sourcecode.c.h; name = Progress.h; path = "cordova-plugin-progress/Progress.h"; sourceTree = "<group>"; };
		BDB92661DC184A5B93B5354C /* Toast.h */ = {isa = PBXFileReference; explicitFileType = undefined; fileEncoding = 4; includeInIndex = 0; lastKnownFileType = sourcecode.c.h; name = Toast.h; path = "cordova-plugin-x-toast/Toast.h"; sourceTree = "<group>"; };
		C0ED303F01974FAB87F549EB /* CDVDevice.m */ = {isa = PBXFileReference; explicitFileType = undefined; fileEncoding = 4; includeInIndex = 0; lastKnownFileType = sourcecode.c.objc; name = CDVDevice.m; path = "cordova-plugin-device/CDVDevice.m"; sourceTree = "<group>"; };
		C638A9ABA01F4DA487FD50DF /* SystemConfiguration.framework */ = {isa = PBXFileReference; explicitFileType = undefined; fileEncoding = 9; includeInIndex = 0; lastKnownFileType = wrapper.framework; name = SystemConfiguration.framework; path = System/Library/Frameworks/SystemConfiguration.framework; sourceTree = SDKROOT; };
		C6BA7BD4E7414E3A9D56CB68 /* CDVConnection.m */ = {isa = PBXFileReference; explicitFileType = undefined; fileEncoding = 4; includeInIndex = 0; lastKnownFileType = sourcecode.c.objc; name = CDVConnection.m; path = "cordova-plugin-network-information/CDVConnection.m"; sourceTree = "<group>"; };
		C83CED62D480458995B0F84F /* OneSignalAlertViewDelegate.m */ = {isa = PBXFileReference; explicitFileType = undefined; fileEncoding = 4; includeInIndex = 0; lastKnownFileType = sourcecode.c.objc; name = OneSignalAlertViewDelegate.m; path = "onesignal-cordova-plugin/OneSignalAlertViewDelegate.m"; sourceTree = "<group>"; };
		C966110FC39143C3A91B8FDE /* CDVStatusBar.h */ = {isa = PBXFileReference; explicitFileType = undefined; fileEncoding = 4; includeInIndex = 0; lastKnownFileType = sourcecode.c.h; name = CDVStatusBar.h; path = "cordova-plugin-statusbar/CDVStatusBar.h"; sourceTree = "<group>"; };
		CDAADF6F9121490F8CDADA98 /* Progress.m */ = {isa = PBXFileReference; explicitFileType = undefined; fileEncoding = 4; includeInIndex = 0; lastKnownFileType = sourcecode.c.objc; name = Progress.m; path = "cordova-plugin-progress/Progress.m"; sourceTree = "<group>"; };
		CE7506762FA84FC3BBAE4D6E /* CDVKeyboard.h */ = {isa = PBXFileReference; explicitFileType = undefined; fileEncoding = 4; includeInIndex = 0; lastKnownFileType = sourcecode.c.h; name = CDVKeyboard.h; path = "cordova-plugin-keyboard/CDVKeyboard.h"; sourceTree = "<group>"; };
		D4840042C2DF4BFDA81F2331 /* CDVPassbook.m */ = {isa = PBXFileReference; explicitFileType = undefined; fileEncoding = 4; includeInIndex = 0; lastKnownFileType = sourcecode.c.objc; name = CDVPassbook.m; path = com.passslot.cordova.plugin.passbook/CDVPassbook.m; sourceTree = "<group>"; };
		D64E70079D8A475D8F868176 /* OneSignalWebView.m */ = {isa = PBXFileReference; explicitFileType = undefined; fileEncoding = 4; includeInIndex = 0; lastKnownFileType = sourcecode.c.objc; name = OneSignalWebView.m; path = "onesignal-cordova-plugin/OneSignalWebView.m"; sourceTree = "<group>"; };
		D7260337A5EE40DF841496E3 /* OneSignalReachability.h */ = {isa = PBXFileReference; explicitFileType = undefined; fileEncoding = 4; includeInIndex = 0; lastKnownFileType = sourcecode.c.h; name = OneSignalReachability.h; path = "onesignal-cordova-plugin/OneSignalReachability.h"; sourceTree = "<group>"; };
		D852D63F5430480A9BFEB37B /* NativePageTransitions.m */ = {isa = PBXFileReference; explicitFileType = undefined; fileEncoding = 4; includeInIndex = 0; lastKnownFileType = sourcecode.c.objc; name = NativePageTransitions.m; path = com.telerik.plugins.nativepagetransitions/NativePageTransitions.m; sourceTree = "<group>"; };
		D8A2C635679D4A60907947CC /* OneSignalMobileProvision.m */ = {isa = PBXFileReference; explicitFileType = undefined; fileEncoding = 4; includeInIndex = 0; lastKnownFileType = sourcecode.c.objc; name = OneSignalMobileProvision.m; path = "onesignal-cordova-plugin/OneSignalMobileProvision.m"; sourceTree = "<group>"; };
		DBB920180A7149258BCA064F /* Toast+UIView.m */ = {isa = PBXFileReference; explicitFileType = undefined; fileEncoding = 4; includeInIndex = 0; lastKnownFileType = sourcecode.c.objc; name = "Toast+UIView.m"; path = "cordova-plugin-x-toast/Toast+UIView.m"; sourceTree = "<group>"; };
		DD323652411A45D5939D09EA /* CDVViewController+UpdateSupportedOrientations.m */ = {isa = PBXFileReference; explicitFileType = undefined; fileEncoding = 4; includeInIndex = 0; lastKnownFileType = sourcecode.c.objc; name = "CDVViewController+UpdateSupportedOrientations.m"; path = "cordova-plugin-screen-orientation/CDVViewController+UpdateSupportedOrientations.m"; sourceTree = "<group>"; };
		E0833A6016134CC0A65BC1C2 /* CoreTelephony.framework */ = {isa = PBXFileReference; explicitFileType = undefined; fileEncoding = 9; includeInIndex = 0; lastKnownFileType = wrapper.framework; name = CoreTelephony.framework; path = System/Library/Frameworks/CoreTelephony.framework; sourceTree = SDKROOT; };
		E1466E61FEA64E46A1689A14 /* AppVersion.m */ = {isa = PBXFileReference; explicitFileType = undefined; fileEncoding = 4; includeInIndex = 0; lastKnownFileType = sourcecode.c.objc; name = AppVersion.m; path = "cordova-plugin-app-version/AppVersion.m"; sourceTree = "<group>"; };
		E2347342BF72451D92FE2E5A /* CDVViewController+SplashScreen.h */ = {isa = PBXFileReference; explicitFileType = undefined; fileEncoding = 4; includeInIndex = 0; lastKnownFileType = sourcecode.c.h; name = "CDVViewController+SplashScreen.h"; path = "cordova-plugin-splashscreen/CDVViewController+SplashScreen.h"; sourceTree = "<group>"; };
		E7F7470320FB4508BA87A7E2 /* OneSignalHelper.m */ = {isa = PBXFileReference; explicitFileType = undefined; fileEncoding = 4; includeInIndex = 0; lastKnownFileType = sourcecode.c.objc; name = OneSignalHelper.m; path = "onesignal-cordova-plugin/OneSignalHelper.m"; sourceTree = "<group>"; };
		E91148087FF5465CA27C4B18 /* OneSignalWebView.h */ = {isa = PBXFileReference; explicitFileType = undefined; fileEncoding = 4; includeInIndex = 0; lastKnownFileType = sourcecode.c.h; name = OneSignalWebView.h; path = "onesignal-cordova-plugin/OneSignalWebView.h"; sourceTree = "<group>"; };
		EB87FDF31871DA8E0020F90C /* www */ = {isa = PBXFileReference; lastKnownFileType = folder; name = www; path = ../../www; sourceTree = "<group>"; };
		EB87FDF41871DAF40020F90C /* config.xml */ = {isa = PBXFileReference; lastKnownFileType = text.xml; name = config.xml; path = ../../config.xml; sourceTree = "<group>"; };
		EBDD868CA53642EE99F8FADB /* CDVKeyboard.m */ = {isa = PBXFileReference; explicitFileType = undefined; fileEncoding = 4; includeInIndex = 0; lastKnownFileType = sourcecode.c.objc; name = CDVKeyboard.m; path = "cordova-plugin-keyboard/CDVKeyboard.m"; sourceTree = "<group>"; };
		ED33DF2A687741AEAF9F8254 /* Bridging-Header.h */ = {isa = PBXFileReference; fileEncoding = 4; lastKnownFileType = sourcecode.c.h; path = "Bridging-Header.h"; sourceTree = "<group>"; };
		EE818CCC48C4439483DE120C /* QuartzCore.framework */ = {isa = PBXFileReference; explicitFileType = undefined; fileEncoding = 9; includeInIndex = 0; lastKnownFileType = wrapper.framework; name = QuartzCore.framework; path = System/Library/Frameworks/QuartzCore.framework; sourceTree = SDKROOT; };
		F73D1BE0C9484462AE259F65 /* GLKit.framework */ = {isa = PBXFileReference; explicitFileType = undefined; fileEncoding = 9; includeInIndex = 0; lastKnownFileType = wrapper.framework; name = GLKit.framework; path = System/Library/Frameworks/GLKit.framework; sourceTree = SDKROOT; };
		F73F3FB655A648B7B5844419 /* UNUserNotificationCenter+OneSignal.m */ = {isa = PBXFileReference; explicitFileType = undefined; fileEncoding = 4; includeInIndex = 0; lastKnownFileType = sourcecode.c.objc; name = "UNUserNotificationCenter+OneSignal.m"; path = "onesignal-cordova-plugin/UNUserNotificationCenter+OneSignal.m"; sourceTree = "<group>"; };
		F840E1F0165FE0F500CFE078 /* config.xml */ = {isa = PBXFileReference; lastKnownFileType = text.xml; name = config.xml; path = "The Loyalty Club/config.xml"; sourceTree = "<group>"; };
		F8735C2066BF4EF09FBCF116 /* CDVNotification.m */ = {isa = PBXFileReference; explicitFileType = undefined; fileEncoding = 4; includeInIndex = 0; lastKnownFileType = sourcecode.c.objc; name = CDVNotification.m; path = "cordova-plugin-dialogs/CDVNotification.m"; sourceTree = "<group>"; };
		FD94EF04B3FE4DD4A6A67EFE /* CDVConnection.h */ = {isa = PBXFileReference; explicitFileType = undefined; fileEncoding = 4; includeInIndex = 0; lastKnownFileType = sourcecode.c.h; name = CDVConnection.h; path = "cordova-plugin-network-information/CDVConnection.h"; sourceTree = "<group>"; };
/* End PBXFileReference section */

/* Begin PBXFrameworksBuildPhase section */
		1D60588F0D05DD3D006BFB54 /* Frameworks */ = {
			isa = PBXFrameworksBuildPhase;
			buildActionMask = 2147483647;
			files = (
				301BF552109A68D80062928A /* libCordova.a in Frameworks */,
				7E66A65CA6DD4A8C936CD25D /* PassKit.framework in Frameworks */,
				DA2C920760E34C9AABD3E437 /* libz.tbd in Frameworks */,
				27D2C5E3FF97409EBF4CAFA3 /* StoreKit.framework in Frameworks */,
				B28353CEA9C54F228336B2B9 /* AudioToolbox.framework in Frameworks */,
				A33F5751BEAF42E5B4CB77FB /* CoreLocation.framework in Frameworks */,
				3A953235A686444B8ABFB63C /* SystemConfiguration.framework in Frameworks */,
				F901DD942D1548C8B2C31FAB /* CoreTelephony.framework in Frameworks */,
				BC0325FAA8324F29862CDDF0 /* libKVNProgress.a in Frameworks */,
				4F17911A35E3485BA08955E9 /* Foundation.framework in Frameworks */,
				B57D45D7C42D4184ACFD39B7 /* QuartzCore.framework in Frameworks */,
				9FDC8005EE7D422D867E766C /* GLKit.framework in Frameworks */,
			);
			runOnlyForDeploymentPostprocessing = 0;
		};
/* End PBXFrameworksBuildPhase section */

/* Begin PBXGroup section */
		080E96DDFE201D6D7F000001 /* Classes */ = {
			isa = PBXGroup;
			children = (
				302D95EE14D2391D003F00A1 /* MainViewController.h */,
				302D95EF14D2391D003F00A1 /* MainViewController.m */,
				302D95F014D2391D003F00A1 /* MainViewController.xib */,
				1D3623240D0F684500981E51 /* AppDelegate.h */,
				1D3623250D0F684500981E51 /* AppDelegate.m */,
			);
			name = Classes;
			path = "The Loyalty Club/Classes";
			sourceTree = SOURCE_ROOT;
		};
		19C28FACFE9D520D11CA2CBB /* Products */ = {
			isa = PBXGroup;
			children = (
				1D6058910D05DD3D006BFB54 /* The Loyalty Club.app */,
			);
			name = Products;
			sourceTree = "<group>";
		};
		29B97314FDCFA39411CA2CEA /* CustomTemplate */ = {
			isa = PBXGroup;
			children = (
				EB87FDF41871DAF40020F90C /* config.xml */,
				EB87FDF31871DA8E0020F90C /* www */,
				EB87FDF11871DA420020F90C /* Staging */,
				301BF52D109A57CC0062928A /* CordovaLib/CordovaLib.xcodeproj */,
				080E96DDFE201D6D7F000001 /* Classes */,
				307C750510C5A3420062BCA9 /* Plugins */,
				29B97315FDCFA39411CA2CEA /* Other Sources */,
				29B97317FDCFA39411CA2CEA /* Resources */,
				29B97323FDCFA39411CA2CEA /* Frameworks */,
				19C28FACFE9D520D11CA2CBB /* Products */,
			);
			name = CustomTemplate;
			sourceTree = "<group>";
		};
		29B97315FDCFA39411CA2CEA /* Other Sources */ = {
			isa = PBXGroup;
			children = (
				32CA4F630368D1EE00C91783 /* The Loyalty Club-Prefix.pch */,
				29B97316FDCFA39411CA2CEA /* main.m */,
				ED33DF2A687741AEAF9F8254 /* Bridging-Header.h */,
			);
			name = "Other Sources";
			path = "The Loyalty Club";
			sourceTree = "<group>";
		};
		29B97317FDCFA39411CA2CEA /* Resources */ = {
			isa = PBXGroup;
			children = (
				0207DA571B56EA530066E2B4 /* Images.xcassets */,
				3047A50E1AB8057F00498E2A /* config */,
				8D1107310486CEB800E47090 /* The Loyalty Club-Info.plist */,
				6AFF5BF81D6E424B00AB3073 /* CDVLaunchScreen.storyboard */,
				A4F5205A6FFF4D17BBE47D45 /* CDVNotification.bundle */,
				53219954735146DD8EEB385B /* KVNProgressView.xib */,
			);
			name = Resources;
			path = "The Loyalty Club/Resources";
			sourceTree = "<group>";
		};
		29B97323FDCFA39411CA2CEA /* Frameworks */ = {
			isa = PBXGroup;
			children = (
				18CC1610694B4044AF0B3F74 /* PassKit.framework */,
				5A9E615E653D4D8892F4FFF8 /* libz.tbd */,
				1E18BCFBE2554296A5CBD75B /* StoreKit.framework */,
				87D035EDEC9545BE80DA49C6 /* AudioToolbox.framework */,
				93C028D63AB4452B8A39BD07 /* CoreLocation.framework */,
				C638A9ABA01F4DA487FD50DF /* SystemConfiguration.framework */,
				E0833A6016134CC0A65BC1C2 /* CoreTelephony.framework */,
				1750288B4CC841C592589800 /* libKVNProgress.a */,
				B2760097A54C44379D304B0B /* Foundation.framework */,
				EE818CCC48C4439483DE120C /* QuartzCore.framework */,
				F73D1BE0C9484462AE259F65 /* GLKit.framework */,
			);
			name = Frameworks;
			sourceTree = "<group>";
		};
		301BF52E109A57CC0062928A /* Products */ = {
			isa = PBXGroup;
			children = (
				301BF535109A57CC0062928A /* libCordova.a */,
				96201C311FFD931A00F8B702 /* Cordova.framework */,
			);
			name = Products;
			sourceTree = "<group>";
		};
		3047A50E1AB8057F00498E2A /* config */ = {
			isa = PBXGroup;
			children = (
				3047A50F1AB8059700498E2A /* build-debug.xcconfig */,
				3047A5101AB8059700498E2A /* build-release.xcconfig */,
				3047A5111AB8059700498E2A /* build.xcconfig */,
			);
			name = config;
			sourceTree = "<group>";
		};
		307C750510C5A3420062BCA9 /* Plugins */ = {
			isa = PBXGroup;
			children = (
				D4840042C2DF4BFDA81F2331 /* CDVPassbook.m */,
				7A00E2B848684FE294325367 /* CDVPassbook.h */,
				D852D63F5430480A9BFEB37B /* NativePageTransitions.m */,
				4DF584864289473CBA86DD62 /* AppDelegate+nativepagetransitions.m */,
				53C821A3FE5F4898A3E284BD /* NativePageTransitions.h */,
				B6FADFE154BE450EA3177578 /* AppDelegate+nativepagetransitions.h */,
				C0ED303F01974FAB87F549EB /* CDVDevice.m */,
				8A90A34158674E83A470167C /* CDVDevice.h */,
				00C27CD1870B4FA89407A4B0 /* LaunchReview.m */,
				B23205BF6A8D48298C33A4E6 /* LaunchReview.h */,
				E1466E61FEA64E46A1689A14 /* AppVersion.m */,
				09120DD042CB4A08B7805358 /* AppVersion.h */,
				F8735C2066BF4EF09FBCF116 /* CDVNotification.m */,
				6530C5518BD645E3A53B8384 /* CDVNotification.h */,
				8970CCFE2BD64B089B04C82B /* CDVFile.m */,
				B618B42091494419B88DA26D /* CDVLocalFilesystem.m */,
				23010926486D4A8E8F6349CA /* CDVAssetLibraryFilesystem.m */,
				8898F11C13E64713AEC458AF /* CDVFile.h */,
				42E8182582524349A53F07CC /* CDVLocalFilesystem.h */,
				7B7C16ECAE3249CBAFE13289 /* CDVAssetLibraryFilesystem.h */,
				80DCE5C6E30243D0AC52AC31 /* CDVLocation.m */,
				892BB597D9E54493937D068C /* CDVLocation.h */,
				4D0513ABF9254608A5B07244 /* CDVInAppBrowser.m */,
				8DA7AB6076F64CAFA7243590 /* CDVInAppBrowser.h */,
				EBDD868CA53642EE99F8FADB /* CDVKeyboard.m */,
				CE7506762FA84FC3BBAE4D6E /* CDVKeyboard.h */,
				C6BA7BD4E7414E3A9D56CB68 /* CDVConnection.m */,
				14BBF427A3A54FA0A9C595D1 /* CDVReachability.m */,
				FD94EF04B3FE4DD4A6A67EFE /* CDVConnection.h */,
				84918B8613444621BA5D01E4 /* CDVReachability.h */,
				CDAADF6F9121490F8CDADA98 /* Progress.m */,
				BA85D9D826FE4E15A508F9C3 /* Progress.h */,
				795FB06B330E4A068A5281BC /* KVNProgress.h */,
				66A727073EBD43E1A374CA6D /* KVNProgressConfiguration.h */,
				4F342524847C42A6B8DB092D /* UIColor+KVNContrast.h */,
				7134325DA2AF4C9988D0DC72 /* UIImage+KVNEmpty.h */,
				12BF3532F17044219EF99F0A /* UIImage+KVNImageEffects.h */,
				1D701D2D909843DBAAA872F0 /* QRScanner.swift */,
				3315854D09C343C092CACF88 /* YoikScreenOrientation.m */,
				DD323652411A45D5939D09EA /* CDVViewController+UpdateSupportedOrientations.m */,
				1D629062D0EF48EF8F68D8B9 /* YoikScreenOrientation.h */,
				2DE51B578DD446EC99B19BCD /* CDVViewController+UpdateSupportedOrientations.h */,
				ABA79A465217434D926B54CD /* CDVSplashScreen.m */,
				9FCD4538A0174FFA99ED688E /* CDVViewController+SplashScreen.m */,
				0F2CC18BDE51408DBDBDB58A /* CDVSplashScreen.h */,
				E2347342BF72451D92FE2E5A /* CDVViewController+SplashScreen.h */,
				662475FA3A2F422782960D8F /* CDVStatusBar.m */,
				C966110FC39143C3A91B8FDE /* CDVStatusBar.h */,
				11370E8B90704E92953B0E50 /* CDVThemeableBrowser.m */,
				1C81E104F0E34E0CA80EF572 /* CDVThemeableBrowser.h */,
				DBB920180A7149258BCA064F /* Toast+UIView.m */,
				5ED8E068F46C4EBC93E85B26 /* Toast.m */,
				237E831C1BEE4D388FB8C917 /* Toast+UIView.h */,
				BDB92661DC184A5B93B5354C /* Toast.h */,
				A6B0DF9332D94AE99B123299 /* OneSignalPush.h */,
				091FA59D33024DAEA578D3A6 /* OneSignalSelectorHelpers.h */,
				073E24F08CF84F5C90D4FCF4 /* UNUserNotificationCenter+OneSignal.h */,
				7355224B0D8C4FA491BCA17C /* OneSignal.m */,
				A8F33B75DE0042D19E43EA67 /* OneSignalHTTPClient.m */,
				29E54771E4454840892A0489 /* OneSignalTrackIAP.m */,
				6E23A0F74DB4472982F6DFEB /* OneSignalJailbreakDetection.m */,
				AEF636E71AB34A7FBD9D6814 /* OneSignalReachability.m */,
				D8A2C635679D4A60907947CC /* OneSignalMobileProvision.m */,
				1C671316D1B64062986760D9 /* OneSignalLocation.m */,
				AC6E17708EE84299BBF882F2 /* NSObject+Extras.m */,
				23DF2E77B7F84CAE8FFF519C /* NSString+Hash.m */,
				C83CED62D480458995B0F84F /* OneSignalAlertViewDelegate.m */,
				3483CC047B52497EAB7A0730 /* OneSignalTracker.m */,
				E7F7470320FB4508BA87A7E2 /* OneSignalHelper.m */,
				D64E70079D8A475D8F868176 /* OneSignalWebView.m */,
				717850A9F8A743C18BAD6A17 /* OneSignalPush.m */,
				63C23A9C903542EBA5011E08 /* OneSignalSelectorHelpers.m */,
				F73F3FB655A648B7B5844419 /* UNUserNotificationCenter+OneSignal.m */,
				AA8DE87011864B88BBA56B78 /* OneSignal.h */,
				77713EE1DCC7411C8C03AB18 /* OneSignalHTTPClient.h */,
				A10136AE3DC249DEBA3DCFD4 /* OneSignalTrackIAP.h */,
				84A82EBD47F94762BFBAE899 /* OneSignalJailbreakDetection.h */,
				D7260337A5EE40DF841496E3 /* OneSignalReachability.h */,
				7041A96E588E479B844DC218 /* OneSignalMobileProvision.h */,
				2CD90EB09E734A5BA368E48F /* OneSignalLocation.h */,
				08CACD5062954ECCAB5CEC7B /* OneSignalAlertViewDelegate.h */,
				7769975E3B204C5ABB3125A4 /* NSString+Hash.h */,
				35BC42BEBDE6404E8CAB8CDB /* NSObject+Extras.h */,
				38C839F4C8FC435B8197DB3E /* OneSignalHelper.h */,
				485BF40913DE4195A1B9BE5C /* OneSignalTracker.h */,
				E91148087FF5465CA27C4B18 /* OneSignalWebView.h */,
				867C72D80BC04DBBAA4B050A /* OneSignal-Prefix.pch */,
			);
			name = Plugins;
			path = "The Loyalty Club/Plugins";
			sourceTree = SOURCE_ROOT;
		};
		EB87FDF11871DA420020F90C /* Staging */ = {
			isa = PBXGroup;
			children = (
				F840E1F0165FE0F500CFE078 /* config.xml */,
				301BF56E109A69640062928A /* www */,
			);
			name = Staging;
			sourceTree = "<group>";
		};
/* End PBXGroup section */

/* Begin PBXNativeTarget section */
		1D6058900D05DD3D006BFB54 /* The Loyalty Club */ = {
			isa = PBXNativeTarget;
			buildConfigurationList = 1D6058960D05DD3E006BFB54 /* Build configuration list for PBXNativeTarget "The Loyalty Club" */;
			buildPhases = (
				304B58A110DAC018002A0835 /* Copy www directory */,
				1D60588D0D05DD3D006BFB54 /* Resources */,
				1D60588E0D05DD3D006BFB54 /* Sources */,
				1D60588F0D05DD3D006BFB54 /* Frameworks */,
			);
			buildRules = (
			);
			dependencies = (
				301BF551109A68C00062928A /* PBXTargetDependency */,
			);
			name = "The Loyalty Club";
			productName = "The Loyalty Club";
			productReference = 1D6058910D05DD3D006BFB54 /* The Loyalty Club.app */;
			productType = "com.apple.product-type.application";
		};
/* End PBXNativeTarget section */

/* Begin PBXProject section */
		29B97313FDCFA39411CA2CEA /* Project object */ = {
			isa = PBXProject;
			attributes = {
				LastUpgradeCheck = 510;
				TargetAttributes = {
					1D6058900D05DD3D006BFB54 = {
						DevelopmentTeam = P8H7SGH5H7;
						ProvisioningStyle = Automatic;
					};
				};
			};
			buildConfigurationList = C01FCF4E08A954540054247B /* Build configuration list for PBXProject "The Loyalty Club" */;
			compatibilityVersion = "Xcode 3.2";
			developmentRegion = English;
			hasScannedForEncodings = 1;
			knownRegions = (
				en,
			);
			mainGroup = 29B97314FDCFA39411CA2CEA /* CustomTemplate */;
			projectDirPath = "";
			projectReferences = (
				{
					ProductGroup = 301BF52E109A57CC0062928A /* Products */;
					ProjectRef = 301BF52D109A57CC0062928A /* CordovaLib/CordovaLib.xcodeproj */;
				},
			);
			projectRoot = "";
			targets = (
				1D6058900D05DD3D006BFB54 /* The Loyalty Club */,
			);
		};
/* End PBXProject section */

/* Begin PBXReferenceProxy section */
		301BF535109A57CC0062928A /* libCordova.a */ = {
			isa = PBXReferenceProxy;
			fileType = archive.ar;
			path = libCordova.a;
			remoteRef = 301BF534109A57CC0062928A /* PBXContainerItemProxy */;
			sourceTree = BUILT_PRODUCTS_DIR;
		};
		96201C311FFD931A00F8B702 /* Cordova.framework */ = {
			isa = PBXReferenceProxy;
			fileType = wrapper.framework;
			path = Cordova.framework;
			remoteRef = 96201C301FFD931A00F8B702 /* PBXContainerItemProxy */;
			sourceTree = BUILT_PRODUCTS_DIR;
		};
/* End PBXReferenceProxy section */

/* Begin PBXResourcesBuildPhase section */
		1D60588D0D05DD3D006BFB54 /* Resources */ = {
			isa = PBXResourcesBuildPhase;
			buildActionMask = 2147483647;
			files = (
				302D95F214D2391D003F00A1 /* MainViewController.xib in Resources */,
				0207DA581B56EA530066E2B4 /* Images.xcassets in Resources */,
				6AFF5BF91D6E424B00AB3073 /* CDVLaunchScreen.storyboard in Resources */,
				E95FBE66894C42A8BEEDF108 /* CDVNotification.bundle in Resources */,
				C334E623F5BC43798FE066FE /* KVNProgressView.xib in Resources */,
			);
			runOnlyForDeploymentPostprocessing = 0;
		};
/* End PBXResourcesBuildPhase section */

/* Begin PBXShellScriptBuildPhase section */
		304B58A110DAC018002A0835 /* Copy www directory */ = {
			isa = PBXShellScriptBuildPhase;
			buildActionMask = 2147483647;
			files = (
			);
			inputPaths = (
			);
			name = "Copy www directory";
			outputPaths = (
			);
			runOnlyForDeploymentPostprocessing = 0;
			shellPath = /bin/sh;
			shellScript = "NODEJS_PATH=/usr/local/bin; NVM_NODE_PATH=~/.nvm/versions/node/`nvm version 2>/dev/null`/bin; N_NODE_PATH=`find /usr/local/n/versions/node/* -maxdepth 0 -type d 2>/dev/null | tail -1`/bin; XCODE_NODE_PATH=`xcode-select --print-path`/usr/share/xcs/Node/bin; PATH=$NODEJS_PATH:$NVM_NODE_PATH:$N_NODE_PATH:$XCODE_NODE_PATH:$PATH && node cordova/lib/copy-www-build-step.js";
			showEnvVarsInLog = 0;
		};
/* End PBXShellScriptBuildPhase section */

/* Begin PBXSourcesBuildPhase section */
		1D60588E0D05DD3D006BFB54 /* Sources */ = {
			isa = PBXSourcesBuildPhase;
			buildActionMask = 2147483647;
			files = (
				1D60589B0D05DD56006BFB54 /* main.m in Sources */,
				1D3623260D0F684500981E51 /* AppDelegate.m in Sources */,
				302D95F114D2391D003F00A1 /* MainViewController.m in Sources */,
				6F95D98FDAF641B29B4A00A6 /* CDVPassbook.m in Sources */,
				906504167CD24FBABA7D98CE /* NativePageTransitions.m in Sources */,
				4A10399C2B754D32A331FF47 /* AppDelegate+nativepagetransitions.m in Sources */,
				95F48495703440F2A4E69A4B /* CDVDevice.m in Sources */,
				3D975A82A0D74DCAA191FF67 /* LaunchReview.m in Sources */,
				905547FB1D8B4014BAC64527 /* AppVersion.m in Sources */,
				E0A6DE3F21814ACAAB0C3887 /* CDVNotification.m in Sources */,
				3CD293C5621A452F859B9040 /* CDVFile.m in Sources */,
				D1CB1F114280446BBD33A201 /* CDVLocalFilesystem.m in Sources */,
				CE53CD555D7B401696328D63 /* CDVAssetLibraryFilesystem.m in Sources */,
				A1836F8A7004409583F7CE6F /* CDVLocation.m in Sources */,
				E5FE5DF566564DF4A068CC09 /* CDVInAppBrowser.m in Sources */,
				BC30E63CA750436480E74238 /* CDVKeyboard.m in Sources */,
				B369F59B0B51418182D3E672 /* CDVConnection.m in Sources */,
				651EF998D5F2456C81D550CD /* CDVReachability.m in Sources */,
				A7B51EFB0C2F42DFBAF14779 /* Progress.m in Sources */,
				00E0F775EBDA43EFBC5E6577 /* QRScanner.swift in Sources */,
				C881F2CCE9E2432C91951407 /* YoikScreenOrientation.m in Sources */,
				4A2C5D67D7794C5DB1FD9E25 /* CDVViewController+UpdateSupportedOrientations.m in Sources */,
				6E6132D7B06A42CF8F1FF3B5 /* CDVSplashScreen.m in Sources */,
				D802FBE0BEBF41BD8CEB1DF3 /* CDVViewController+SplashScreen.m in Sources */,
				979D210802BA4477858F01D5 /* CDVStatusBar.m in Sources */,
				D74DEC1E36EA4930914F846C /* CDVThemeableBrowser.m in Sources */,
				EC9F24B496264829A400C46C /* Toast+UIView.m in Sources */,
				5466098B7FC94F16BD7409DC /* Toast.m in Sources */,
				A459AE1EB145485AA123F48C /* OneSignalPush.h in Sources */,
				395BAB2C72EB46FD9CD48470 /* OneSignalSelectorHelpers.h in Sources */,
				200D5B4241664207AAFD8EF4 /* UNUserNotificationCenter+OneSignal.h in Sources */,
				FFDBC50E0F4C4898A81DDF52 /* OneSignal.m in Sources */,
				FDECF15468F242B88C54E0FF /* OneSignalHTTPClient.m in Sources */,
				4E47CEEF528D49CA88C9869C /* OneSignalTrackIAP.m in Sources */,
				C5304002932149A18E166C0F /* OneSignalJailbreakDetection.m in Sources */,
				A65042A5BB0C4206AE4F9329 /* OneSignalReachability.m in Sources */,
				928733E22A4346C5AFB673C5 /* OneSignalMobileProvision.m in Sources */,
				D055FD1F54F94A3A80FF14B2 /* OneSignalLocation.m in Sources */,
				B034F5DA88364303B15D184B /* NSObject+Extras.m in Sources */,
				4C9432BFE26943D29644B663 /* NSString+Hash.m in Sources */,
				40760215B7CC451FBAE27A25 /* OneSignalAlertViewDelegate.m in Sources */,
				28E17F4E881245E8A860A49D /* OneSignalTracker.m in Sources */,
				EA173C1EB92243A8843554C7 /* OneSignalHelper.m in Sources */,
				7D16F257728349DA89082961 /* OneSignalWebView.m in Sources */,
				EE6E3F6A8F814123B3764968 /* OneSignalPush.m in Sources */,
				D7A720CE7BBC463797018A4E /* OneSignalSelectorHelpers.m in Sources */,
				C7D331D5D3A94E59A90DDDFB /* UNUserNotificationCenter+OneSignal.m in Sources */,
			);
			runOnlyForDeploymentPostprocessing = 0;
		};
/* End PBXSourcesBuildPhase section */

/* Begin PBXTargetDependency section */
		301BF551109A68C00062928A /* PBXTargetDependency */ = {
			isa = PBXTargetDependency;
			name = CordovaLib;
			targetProxy = 301BF550109A68C00062928A /* PBXContainerItemProxy */;
		};
/* End PBXTargetDependency section */

/* Begin XCBuildConfiguration section */
		1D6058940D05DD3E006BFB54 /* Debug */ = {
			isa = XCBuildConfiguration;
			baseConfigurationReference = 3047A50F1AB8059700498E2A /* build-debug.xcconfig */;
			buildSettings = {
				ALWAYS_EMBED_SWIFT_STANDARD_LIBRARIES = YES;
				ALWAYS_SEARCH_USER_PATHS = NO;
				ASSETCATALOG_COMPILER_APPICON_NAME = AppIcon;
				CLANG_ENABLE_MODULES = YES;
				CLANG_ENABLE_OBJC_ARC = YES;
				"CODE_SIGN_IDENTITY[sdk=iphoneos*]" = "iPhone Developer";
				CODE_SIGN_STYLE = Automatic;
				COPY_PHASE_STRIP = NO;
				DEVELOPMENT_TEAM = P8H7SGH5H7;
				GCC_DYNAMIC_NO_PIC = NO;
				GCC_OPTIMIZATION_LEVEL = 0;
				GCC_PRECOMPILE_PREFIX_HEADER = YES;
				GCC_PREFIX_HEADER = "The Loyalty Club/The Loyalty Club-Prefix.pch";
				GCC_THUMB_SUPPORT = NO;
				GCC_VERSION = "";
				INFOPLIST_FILE = "The Loyalty Club/The Loyalty Club-Info.plist";
				IPHONEOS_DEPLOYMENT_TARGET = 10.2;
				LD_RUNPATH_SEARCH_PATHS = "@executable_path/Frameworks";
				LIBRARY_SEARCH_PATHS = (
					"$(inherited)",
					"\"$(SRCROOT)/The Loyalty Club/Plugins/cordova-plugin-progress\"",
				);
				PRODUCT_NAME = "The Loyalty Club";
				PROVISIONING_PROFILE_SPECIFIER = "";
				SWIFT_OBJC_BRIDGING_HEADER = "$(PROJECT_DIR)/$(PROJECT_NAME)/Bridging-Header.h";
				SWIFT_VERSION = 3.0;
				TARGETED_DEVICE_FAMILY = 1;
			};
			name = Debug;
		};
		1D6058950D05DD3E006BFB54 /* Release */ = {
			isa = XCBuildConfiguration;
			baseConfigurationReference = 3047A5101AB8059700498E2A /* build-release.xcconfig */;
			buildSettings = {
				ALWAYS_EMBED_SWIFT_STANDARD_LIBRARIES = YES;
				ALWAYS_SEARCH_USER_PATHS = NO;
				ASSETCATALOG_COMPILER_APPICON_NAME = AppIcon;
				CLANG_ENABLE_MODULES = YES;
				CLANG_ENABLE_OBJC_ARC = YES;
				"CODE_SIGN_IDENTITY[sdk=iphoneos*]" = "iPhone Developer";
				CODE_SIGN_STYLE = Automatic;
				COPY_PHASE_STRIP = YES;
				DEVELOPMENT_TEAM = P8H7SGH5H7;
				GCC_PRECOMPILE_PREFIX_HEADER = YES;
				GCC_PREFIX_HEADER = "The Loyalty Club/The Loyalty Club-Prefix.pch";
				GCC_THUMB_SUPPORT = NO;
				GCC_VERSION = "";
				INFOPLIST_FILE = "The Loyalty Club/The Loyalty Club-Info.plist";
				IPHONEOS_DEPLOYMENT_TARGET = 10.2;
				LD_RUNPATH_SEARCH_PATHS = "@executable_path/Frameworks";
				LIBRARY_SEARCH_PATHS = (
					"$(inherited)",
					"\"$(SRCROOT)/The Loyalty Club/Plugins/cordova-plugin-progress\"",
				);
				PRODUCT_NAME = "The Loyalty Club";
				PROVISIONING_PROFILE_SPECIFIER = "";
				SWIFT_OBJC_BRIDGING_HEADER = "$(PROJECT_DIR)/$(PROJECT_NAME)/Bridging-Header.h";
				SWIFT_VERSION = 3.0;
				TARGETED_DEVICE_FAMILY = 1;
			};
			name = Release;
		};
		C01FCF4F08A954540054247B /* Debug */ = {
			isa = XCBuildConfiguration;
			baseConfigurationReference = 3047A5111AB8059700498E2A /* build.xcconfig */;
			buildSettings = {
				ALWAYS_EMBED_SWIFT_STANDARD_LIBRARIES = YES;
				CLANG_ENABLE_MODULES = YES;
				CLANG_ENABLE_OBJC_ARC = YES;
				CLANG_WARN_BOOL_CONVERSION = YES;
				CLANG_WARN_CONSTANT_CONVERSION = YES;
				CLANG_WARN_EMPTY_BODY = YES;
				CLANG_WARN_ENUM_CONVERSION = YES;
				CLANG_WARN_INT_CONVERSION = YES;
				CLANG_WARN__DUPLICATE_METHOD_MATCH = YES;
				GCC_C_LANGUAGE_STANDARD = c99;
				GCC_THUMB_SUPPORT = NO;
				GCC_VERSION = "";
				GCC_WARN_ABOUT_RETURN_TYPE = YES;
				GCC_WARN_UNDECLARED_SELECTOR = YES;
				GCC_WARN_UNINITIALIZED_AUTOS = YES;
				GCC_WARN_UNUSED_FUNCTION = YES;
				GCC_WARN_UNUSED_VARIABLE = YES;
				ONLY_ACTIVE_ARCH = YES;
				SDKROOT = iphoneos;
				SKIP_INSTALL = NO;
				SWIFT_OBJC_BRIDGING_HEADER = "$(PROJECT_DIR)/$(PROJECT_NAME)/Bridging-Header.h";
				SWIFT_VERSION = 3.0;
			};
			name = Debug;
		};
		C01FCF5008A954540054247B /* Release */ = {
			isa = XCBuildConfiguration;
			baseConfigurationReference = 3047A5111AB8059700498E2A /* build.xcconfig */;
			buildSettings = {
				ALWAYS_EMBED_SWIFT_STANDARD_LIBRARIES = YES;
				CLANG_ENABLE_MODULES = YES;
				CLANG_ENABLE_OBJC_ARC = YES;
				CLANG_WARN_BOOL_CONVERSION = YES;
				CLANG_WARN_CONSTANT_CONVERSION = YES;
				CLANG_WARN_EMPTY_BODY = YES;
				CLANG_WARN_ENUM_CONVERSION = YES;
				CLANG_WARN_INT_CONVERSION = YES;
				CLANG_WARN__DUPLICATE_METHOD_MATCH = YES;
				GCC_C_LANGUAGE_STANDARD = c99;
				GCC_THUMB_SUPPORT = NO;
				GCC_VERSION = "";
				GCC_WARN_ABOUT_RETURN_TYPE = YES;
				GCC_WARN_UNDECLARED_SELECTOR = YES;
				GCC_WARN_UNINITIALIZED_AUTOS = YES;
				GCC_WARN_UNUSED_FUNCTION = YES;
				GCC_WARN_UNUSED_VARIABLE = YES;
				SDKROOT = iphoneos;
				SKIP_INSTALL = NO;
				SWIFT_OBJC_BRIDGING_HEADER = "$(PROJECT_DIR)/$(PROJECT_NAME)/Bridging-Header.h";
				SWIFT_VERSION = 3.0;
			};
			name = Release;
		};
/* End XCBuildConfiguration section */

/* Begin XCConfigurationList section */
		1D6058960D05DD3E006BFB54 /* Build configuration list for PBXNativeTarget "The Loyalty Club" */ = {
			isa = XCConfigurationList;
			buildConfigurations = (
				1D6058940D05DD3E006BFB54 /* Debug */,
				1D6058950D05DD3E006BFB54 /* Release */,
			);
			defaultConfigurationIsVisible = 0;
			defaultConfigurationName = Release;
		};
		C01FCF4E08A954540054247B /* Build configuration list for PBXProject "The Loyalty Club" */ = {
			isa = XCConfigurationList;
			buildConfigurations = (
				C01FCF4F08A954540054247B /* Debug */,
				C01FCF5008A954540054247B /* Release */,
			);
			defaultConfigurationIsVisible = 0;
			defaultConfigurationName = Release;
		};
/* End XCConfigurationList section */
	};
	rootObject = 29B97313FDCFA39411CA2CEA /* Project object */;
}
